# THIS IS AN AUTOGENERATED FILE. DO NOT EDIT THIS FILE DIRECTLY.
# yarn lockfile v1


excalibur@^0.19.0:
  version "0.19.0"
  resolved "https://registry.yarnpkg.com/excalibur/-/excalibur-0.19.0.tgz#c996fbd35d0dc72b62f8c9a219ec7bf7c2b8c3fe"
  integrity sha512-6tj2Jr/fimTnRLJwuvGjp+CR+S4gpqF/kPbSRHnOMl0XaUE1k8Shnymv60kDdt2XNs3qedXaNQOs0SIqgHEM/g==
